
Microsoft Visual Studio Solution File, Format Version 12.00
# Visual Studio 15
VisualStudioVersion = 15.0.28307.1401
MinimumVisualStudioVersion = 10.0.40219.1
Project("{FAE04EC0-301F-11D3-BF4B-00C04F79EFBC}") = "duplicate", "duplicate\duplicate.csproj", "{994C9C85-62BF-4349-B39D-3AB26F88946B}"
EndProject
Global
	GlobalSection(SolutionConfigurationPlatforms) = preSolution
		Debug|Any CPU = Debug|Any CPU
		Release|Any CPU = Release|Any CPU
	EndGlobalSection
	GlobalSection(ProjectConfigurationPlatforms) = postSolution
		{994C9C85-62BF-4349-B39D-3AB26F88946B}.Debug|Any CPU.ActiveCfg = Debug|Any CPU
		{994C9C85-62BF-4349-B39D-3AB26F88946B}.Debug|Any CPU.Build.0 = Debug|Any CPU
		{994C9C85-62BF-4349-B39D-3AB26F88946B}.Release|Any CPU.ActiveCfg = Release|Any CPU
		{994C9C85-62BF-4349-B39D-3AB26F88946B}.Release|Any CPU.Build.0 = Release|Any CPU
	EndGlobalSection
	GlobalSection(SolutionProperties) = preSolution
		HideSolutionNode = FALSE
	EndGlobalSection
	GlobalSection(ExtensibilityGlobals) = postSolution
		SolutionGuid = {D76BE92A-B120-4028-BF54-8CC91B87AFD4}
	EndGlobalSection
EndGlobal
